{
  "name": "meituan",
  "version": "1.0.0",
  "lockfileVersion": 1,
  "requires": true,
  "dependencies": {
    "tiny-cookie": {
      "version": "1.0.1",
      "resolved": "https://registry.npmjs.org/tiny-cookie/-/tiny-cookie-1.0.1.tgz",
      "integrity": "sha1-dTeGB5xkKjw9CyrMrWAPjeEZrCo="
    },
    "vue-cookie": {
      "version": "1.1.4",
      "resolved": "https://registry.npmjs.org/vue-cookie/-/vue-cookie-1.1.4.tgz",
      "integrity": "sha1-uLRtESvan5Oi9HAXwu1SgtIGT9o=",
      "requires": {
        "tiny-cookie": "^1.0"
      }
    },
    "yarn": {
      "version": "1.22.10",
      "resolved": "https://registry.npmjs.org/yarn/-/yarn-1.22.10.tgz",
      "integrity": "sha512-IanQGI9RRPAN87VGTF7zs2uxkSyQSrSPsju0COgbsKQOOXr5LtcVPeyXWgwVa0ywG3d8dg6kSYKGBuYK021qeA=="
    }
  }
}
